
Microsoft Visual Studio Solution File, Format Version 12.00
# Visual Studio Version 16
VisualStudioVersion = 16.0.29025.244
MinimumVisualStudioVersion = 10.0.40219.1
Project("{FAE04EC0-301F-11D3-BF4B-00C04F79EFBC}") = "Structures", "Structures\Structures.csproj", "{CC39AEA9-DDE7-461C-B5EF-A2368B3829AA}"
EndProject
Global
	GlobalSection(SolutionConfigurationPlatforms) = preSolution
		Debug|Any CPU = Debug|Any CPU
		Release|Any CPU = Release|Any CPU
	EndGlobalSection
	GlobalSection(ProjectConfigurationPlatforms) = postSolution
		{CC39AEA9-DDE7-461C-B5EF-A2368B3829AA}.Debug|Any CPU.ActiveCfg = Debug|Any CPU
		{CC39AEA9-DDE7-461C-B5EF-A2368B3829AA}.Debug|Any CPU.Build.0 = Debug|Any CPU
		{CC39AEA9-DDE7-461C-B5EF-A2368B3829AA}.Release|Any CPU.ActiveCfg = Release|Any CPU
		{CC39AEA9-DDE7-461C-B5EF-A2368B3829AA}.Release|Any CPU.Build.0 = Release|Any CPU
	EndGlobalSection
	GlobalSection(SolutionProperties) = preSolution
		HideSolutionNode = FALSE
	EndGlobalSection
	GlobalSection(ExtensibilityGlobals) = postSolution
		SolutionGuid = {5334432E-BABF-4499-AF1A-B7AFAD059A68}
	EndGlobalSection
EndGlobal
